# This file is automatically @generated by Cargo.
# It is not intended for manual editing.
version = 4

[[package]]
name = "cc"
version = "1.2.67"
source = "registry+https://github.com/rust-lang/crates.io-index"
checksum = "e17dd265a7d0f31ef544e1b20e03add05d3b45b491b633b10d67145d2acc1a38"
dependencies = [
 "find-msvc-tools",
 "shlex",
]

[[package]]
name = "find-msvc-tools"
version = "0.1.9"
source = "registry+https://github.com/rust-lang/crates.io-index"
checksum = "5baebc0774151f905a1a2cc41989300b1e6fbb29aff0ceffa1064fdd3088d582"

[[package]]
name = "nupa-arc"
version = "0.1.0"
dependencies = [
 "nupa-ast",
 "nupa-cfg",
 "nupa-ownership",
]

[[package]]
name = "nupa-ast"
version = "0.1.0"
dependencies = [
 "nupa-cst",
]

[[package]]
name = "nupa-binder"
version = "0.1.0"
dependencies = [
 "nupa-ast",
 "nupa-cst",
 "nupa-symbol",
]

[[package]]
name = "nupa-cfg"
version = "0.1.0"
dependencies = [
 "nupa-ast",
]

[[package]]
name = "nupa-checker"
version = "0.1.0"
dependencies = [
 "nupa-ast",
 "nupa-cst",
 "nupa-symbol",
]

[[package]]
name = "nupa-codegen"
version = "0.1.0"
dependencies = [
 "nupa-ast",
 "nupa-cst",
 "nupa-elaborator",
 "nupa-symbol",
]

[[package]]
name = "nupa-cst"
version = "0.1.0"

[[package]]
name = "nupa-cst-visit"
version = "0.1.0"
dependencies = [
 "nupa-cst",
]

[[package]]
name = "nupa-elaborator"
version = "0.1.0"
dependencies = [
 "nupa-ast",
 "nupa-binder",
 "nupa-cst",
 "nupa-symbol",
]

[[package]]
name = "nupa-layout"
version = "0.1.0"

[[package]]
name = "nupa-lexer"
version = "0.1.0"

[[package]]
name = "nupa-ownership"
version = "0.1.0"
dependencies = [
 "nupa-ast",
]

[[package]]
name = "nupa-parser"
version = "0.1.0"
dependencies = [
 "nupa-cst",
 "nupa-lexer",
]

[[package]]
name = "nupa-preprocessor"
version = "0.1.0"

[[package]]
name = "nupa-symbol"
version = "0.1.0"
dependencies = [
 "nupa-cst",
]

[[package]]
name = "nupac"
version = "0.1.0"
dependencies = [
 "cc",
 "nupa-arc",
 "nupa-ast",
 "nupa-binder",
 "nupa-cfg",
 "nupa-codegen",
 "nupa-cst",
 "nupa-elaborator",
 "nupa-parser",
 "nupa-preprocessor",
 "nupa-symbol",
]

[[package]]
name = "shlex"
version = "2.0.1"
source = "registry+https://github.com/rust-lang/crates.io-index"
checksum = "f8fadd59c855ef2080decdef8ff161eb6661b86933c9d82e5ba29dc602a55aba"
